
Microsoft Visual Studio Solution File, Format Version 12.00
# Visual Studio Version 17
VisualStudioVersion = 17.1.32319.34
MinimumVisualStudioVersion = 10.0.40219.1
Project("{9A19103F-16F7-4668-BE54-9A1E7A4F7556}") = "Help_with_ideas", "Help_with_ideas\Help_with_ideas.csproj", "{2ACA30D6-6D75-4BCE-8702-1D0C8CB77E84}"
EndProject
Global
	GlobalSection(SolutionConfigurationPlatforms) = preSolution
		Debug|Any CPU = Debug|Any CPU
		Debug|x64 = Debug|x64
		IdeasHelper|Any CPU = IdeasHelper|Any CPU
		IdeasHelper|x64 = IdeasHelper|x64
		Release|Any CPU = Release|Any CPU
		Release|x64 = Release|x64
	EndGlobalSection
	GlobalSection(ProjectConfigurationPlatforms) = postSolution
		{2ACA30D6-6D75-4BCE-8702-1D0C8CB77E84}.Debug|Any CPU.ActiveCfg = Release|Any CPU
		{2ACA30D6-6D75-4BCE-8702-1D0C8CB77E84}.Debug|Any CPU.Build.0 = Release|Any CPU
		{2ACA30D6-6D75-4BCE-8702-1D0C8CB77E84}.Debug|x64.ActiveCfg = Debug|x64
		{2ACA30D6-6D75-4BCE-8702-1D0C8CB77E84}.Debug|x64.Build.0 = Debug|x64
		{2ACA30D6-6D75-4BCE-8702-1D0C8CB77E84}.IdeasHelper|Any CPU.ActiveCfg = IdeasHelper|Any CPU
		{2ACA30D6-6D75-4BCE-8702-1D0C8CB77E84}.IdeasHelper|Any CPU.Build.0 = IdeasHelper|Any CPU
		{2ACA30D6-6D75-4BCE-8702-1D0C8CB77E84}.IdeasHelper|x64.ActiveCfg = Debug|Any CPU
		{2ACA30D6-6D75-4BCE-8702-1D0C8CB77E84}.IdeasHelper|x64.Build.0 = Debug|Any CPU
		{2ACA30D6-6D75-4BCE-8702-1D0C8CB77E84}.Release|Any CPU.ActiveCfg = Release|Any CPU
		{2ACA30D6-6D75-4BCE-8702-1D0C8CB77E84}.Release|Any CPU.Build.0 = Release|Any CPU
		{2ACA30D6-6D75-4BCE-8702-1D0C8CB77E84}.Release|x64.ActiveCfg = Release|x64
		{2ACA30D6-6D75-4BCE-8702-1D0C8CB77E84}.Release|x64.Build.0 = Release|x64
	EndGlobalSection
	GlobalSection(SolutionProperties) = preSolution
		HideSolutionNode = FALSE
	EndGlobalSection
	GlobalSection(ExtensibilityGlobals) = postSolution
		SolutionGuid = {4B81F0DF-4DD3-424C-BDA6-2F5ED0DD43F7}
	EndGlobalSection
EndGlobal
